<?xml version="1.0" encoding="utf-8"?>
<Project ToolsVersion="4.0" xmlns="http://schemas.microsoft.com/developer/msbuild/2003">
  <ItemGroup>
    <Filter Include="App">
      <UniqueIdentifier>{5aa9d9b5-c7f4-42e9-b917-943a2eb43f60}</UniqueIdentifier>
    </Filter>
    <Filter Include="Game Engine">
      <UniqueIdentifier>{a5e706c5-d633-454d-9bad-20ab5bbbc609}</UniqueIdentifier>
    </Filter>
    <Filter Include="Game Engine\WindowingSystem">
      <UniqueIdentifier>{6bc62103-a9d6-4044-a480-0fad1118a23b}</UniqueIdentifier>
    </Filter>
    <Filter Include="Game Engine\GraphicsEngine">
      <UniqueIdentifier>{e88ba9c0-b1a0-480d-b55b-8a9f3d86b5dd}</UniqueIdentifier>
    </Filter>
    <Filter Include="Game Engine\Math">
      <UniqueIdentifier>{7f84d2a5-b152-4275-a796-09b768cd65dc}</UniqueIdentifier>
    </Filter>
    <Filter Include="Game Engine\InputSystem">
      <UniqueIdentifier>{de312694-f81b-4676-9e3a-b8d869aaa565}</UniqueIdentifier>
    </Filter>
    <Filter Include="Game Engine\GraphicsEngine\Render System">
      <UniqueIdentifier>{ddd22fc3-a4e7-4743-89e1-f62af505c144}</UniqueIdentifier>
    </Filter>
    <Filter Include="Game Engine\GraphicsEngine\Render System\ConstantBuffer">
      <UniqueIdentifier>{5269d60d-f823-4a8c-a6a7-b55d1b624ce2}</UniqueIdentifier>
    </Filter>
    <Filter Include="Game Engine\GraphicsEngine\Render System\DeviceContext">
      <UniqueIdentifier>{bf235553-cc79-42f9-9c93-b07483989168}</UniqueIdentifier>
    </Filter>
    <Filter Include="Game Engine\GraphicsEngine\Render System\IndexBuffer">
      <UniqueIdentifier>{3e8c58b7-ca5b-4684-8689-0c3e55636599}</UniqueIdentifier>
    </Filter>
    <Filter Include="Game Engine\GraphicsEngine\Render System\PixelShader">
      <UniqueIdentifier>{f91e4b11-8e7a-4391-829f-aa36031ec7bc}</UniqueIdentifier>
    </Filter>
    <Filter Include="Game Engine\GraphicsEngine\Render System\SwapChain">
      <UniqueIdentifier>{83ef068a-91f7-4450-9d42-e574a5397b0f}</UniqueIdentifier>
    </Filter>
    <Filter Include="Game Engine\GraphicsEngine\Render System\VertexBuffer">
      <UniqueIdentifier>{2d46f61d-e749-4098-aa02-54b51be7bdc6}</UniqueIdentifier>
    </Filter>
    <Filter Include="Game Engine\GraphicsEngine\Render System\VertexShader">
      <UniqueIdentifier>{20fd9d8d-87da-49a0-b792-20223ebb7e96}</UniqueIdentifier>
    </Filter>
    <Filter Include="IMGUI">
      <UniqueIdentifier>{56967b73-edfb-4d8a-aac3-7f71967b4285}</UniqueIdentifier>
    </Filter>
    <Filter Include="IMGUI\backends">
      <UniqueIdentifier>{de0754ac-e855-4b5f-8675-267a1390bc6c}</UniqueIdentifier>
    </Filter>
    <Filter Include="Game Engine\GraphicsEngine\ResourceManager">
      <UniqueIdentifier>{eae83ed7-0096-43c8-a126-1e44942df0ed}</UniqueIdentifier>
    </Filter>
    <Filter Include="Game Engine\GraphicsEngine\ResourceManager\TextureManager">
      <UniqueIdentifier>{ae8ee4f9-5453-4ed8-b562-8df2215346e6}</UniqueIdentifier>
    </Filter>
    <Filter Include="Scene Editor">
      <UniqueIdentifier>{dd73680c-8aa1-4a43-86cc-2dacc74b34c3}</UniqueIdentifier>
    </Filter>
    <Filter Include="Scene Editor\Screens">
      <UniqueIdentifier>{ba3f5e7f-4262-4870-acc2-b78da129bf98}</UniqueIdentifier>
    </Filter>
    <Filter Include="Game">
      <UniqueIdentifier>{334a53c4-6385-40be-80da-351aa487758f}</UniqueIdentifier>
    </Filter>
    <Filter Include="Game\GameObjects">
      <UniqueIdentifier>{9a7de1f4-0930-4606-a003-c7bfb0df8448}</UniqueIdentifier>
    </Filter>
    <Filter Include="Game\GameObjects\Cube">
      <UniqueIdentifier>{d07539b7-d04b-4c9c-88a6-94e1c80d3edd}</UniqueIdentifier>
    </Filter>
    <Filter Include="Game\GameObjects\Plane">
      <UniqueIdentifier>{1ce999aa-21c5-4500-9429-1d93b01e3cbd}</UniqueIdentifier>
    </Filter>
    <Filter Include="Game\GameObjects\Sphere">
      <UniqueIdentifier>{066cb201-07b5-4e81-80df-88abc1e2a571}</UniqueIdentifier>
    </Filter>
    <Filter Include="Game Engine\EngineTime">
      <UniqueIdentifier>{3da925a3-3c62-4887-849d-d698b7de3d1b}</UniqueIdentifier>
    </Filter>
    <Filter Include="Scene Editor\Scene Camera">
      <UniqueIdentifier>{010fa813-0e72-466a-aba9-67e255ac6210}</UniqueIdentifier>
    </Filter>
  </ItemGroup>
  <ItemGroup>
    <ClCompile Include="Engine\AppWindow.cpp">
      <Filter>App</Filter>
    </ClCompile>
    <ClCompile Include="Engine\ConstantBuffer.cpp">
      <Filter>Game Engine\GraphicsEngine\Render System\ConstantBuffer</Filter>
    </ClCompile>
    <ClCompile Include="Engine\DeviceContext.cpp">
      <Filter>Game Engine\GraphicsEngine\Render System\DeviceContext</Filter>
    </ClCompile>
    <ClCompile Include="Engine\EngineTime.cpp">
      <Filter>Game Engine\EngineTime</Filter>
    </ClCompile>
    <ClCompile Include="Engine\GraphicsEngine.cpp">
      <Filter>Game Engine\GraphicsEngine</Filter>
    </ClCompile>
    <ClCompile Include="Engine\IndexBuffer.cpp">
      <Filter>Game Engine\GraphicsEngine\Render System\IndexBuffer</Filter>
    </ClCompile>
    <ClCompile Include="Engine\InputSystem.cpp">
      <Filter>Game Engine\InputSystem</Filter>
    </ClCompile>
    <ClCompile Include="Engine\main.cpp">
      <Filter>App</Filter>
    </ClCompile>
    <ClCompile Include="Engine\PixelShader.cpp">
      <Filter>Game Engine\GraphicsEngine\Render System\PixelShader</Filter>
    </ClCompile>
    <ClCompile Include="Engine\SwapChain.cpp">
      <Filter>Game Engine\GraphicsEngine\Render System\SwapChain</Filter>
    </ClCompile>
    <ClCompile Include="Engine\VertexBuffer.cpp">
      <Filter>Game Engine\GraphicsEngine\Render System\VertexBuffer</Filter>
    </ClCompile>
    <ClCompile Include="Engine\VertexShader.cpp">
      <Filter>Game Engine\GraphicsEngine\Render System\VertexShader</Filter>
    </ClCompile>
    <ClCompile Include="Engine\Window.cpp">
      <Filter>Game Engine\WindowingSystem</Filter>
    </ClCompile>
    <ClCompile Include="Engine\RenderSystem.cpp">
      <Filter>Game Engine\GraphicsEngine\Render System</Filter>
    </ClCompile>
    <ClCompile Include="Engine\Cube.cpp">
      <Filter>Game\GameObjects\Cube</Filter>
    </ClCompile>
    <ClCompile Include="Engine\Plane.cpp">
      <Filter>Game\GameObjects\Plane</Filter>
    </ClCompile>
    <ClCompile Include="Engine\AGameObject.cpp">
      <Filter>Game\GameObjects</Filter>
    </ClCompile>
    <ClCompile Include="Engine\Sphere.cpp">
      <Filter>Game\GameObjects\Sphere</Filter>
    </ClCompile>
    <ClCompile Include="IMGUI\imgui.cpp">
      <Filter>IMGUI</Filter>
    </ClCompile>
    <ClCompile Include="IMGUI\imgui_demo.cpp">
      <Filter>IMGUI</Filter>
    </ClCompile>
    <ClCompile Include="IMGUI\imgui_draw.cpp">
      <Filter>IMGUI</Filter>
    </ClCompile>
    <ClCompile Include="IMGUI\imgui_tables.cpp">
      <Filter>IMGUI</Filter>
    </ClCompile>
    <ClCompile Include="IMGUI\imgui_widgets.cpp">
      <Filter>IMGUI</Filter>
    </ClCompile>
    <ClCompile Include="IMGUI\backends\imgui_impl_win32.cpp">
      <Filter>IMGUI\backends</Filter>
    </ClCompile>
    <ClCompile Include="IMGUI\backends\imgui_impl_dx11.cpp">
      <Filter>IMGUI\backends</Filter>
    </ClCompile>
    <ClCompile Include="Engine\ResourceManager.cpp">
      <Filter>Game Engine\GraphicsEngine\ResourceManager</Filter>
    </ClCompile>
    <ClCompile Include="Engine\Resource.cpp">
      <Filter>Game Engine\GraphicsEngine\ResourceManager</Filter>
    </ClCompile>
    <ClCompile Include="Engine\Texture.cpp">
      <Filter>Game Engine\GraphicsEngine\ResourceManager\TextureManager</Filter>
    </ClCompile>
    <ClCompile Include="Engine\TextureManager.cpp">
      <Filter>Game Engine\GraphicsEngine\ResourceManager\TextureManager</Filter>
    </ClCompile>
    <ClCompile Include="Engine\UIManager.cpp">
      <Filter>Scene Editor</Filter>
    </ClCompile>
    <ClCompile Include="Engine\AUIScreen.cpp">
      <Filter>Scene Editor</Filter>
    </ClCompile>
    <ClCompile Include="Engine\Camera.cpp">
      <Filter>Scene Editor\Scene Camera</Filter>
    </ClCompile>
    <ClCompile Include="Engine\MainMenuScreen.cpp">
      <Filter>Scene Editor\Screens</Filter>
    </ClCompile>
    <ClCompile Include="Engine\AboutScreen.cpp">
      <Filter>Scene Editor\Screens</Filter>
    </ClCompile>
    <ClCompile Include="Engine\HierarchyScreen.cpp">
      <Filter>Scene Editor\Screens</Filter>
    </ClCompile>
    <ClCompile Include="Engine\InspectorScreen.cpp">
      <Filter>Scene Editor\Screens</Filter>
    </ClCompile>
    <ClCompile Include="Engine\CameraScreen.cpp" />
    <ClCompile Include="Engine\CameraHandler.cpp" />
    <ClCompile Include="Engine\GameCamera.cpp" />
  </ItemGroup>
  <ItemGroup>
    <ClInclude Include="Engine\AppWindow.h">
      <Filter>App</Filter>
    </ClInclude>
    <ClInclude Include="Engine\ConstantBuffer.h">
      <Filter>Game Engine\GraphicsEngine\Render System\ConstantBuffer</Filter>
    </ClInclude>
    <ClInclude Include="Engine\DeviceContext.h">
      <Filter>Game Engine\GraphicsEngine\Render System\DeviceContext</Filter>
    </ClInclude>
    <ClInclude Include="Engine\EngineTime.h">
      <Filter>Game Engine\EngineTime</Filter>
    </ClInclude>
    <ClInclude Include="Engine\GraphicsEngine.h">
      <Filter>Game Engine\GraphicsEngine</Filter>
    </ClInclude>
    <ClInclude Include="Engine\IndexBuffer.h">
      <Filter>Game Engine\GraphicsEngine\Render System\IndexBuffer</Filter>
    </ClInclude>
    <ClInclude Include="Engine\InputListener.h">
      <Filter>Game Engine\InputSystem</Filter>
    </ClInclude>
    <ClInclude Include="Engine\InputSystem.h">
      <Filter>Game Engine\InputSystem</Filter>
    </ClInclude>
    <ClInclude Include="Engine\Matrix4x4.h">
      <Filter>Game Engine\Math</Filter>
    </ClInclude>
    <ClInclude Include="Engine\PixelShader.h">
      <Filter>Game Engine\GraphicsEngine\Render System\PixelShader</Filter>
    </ClInclude>
    <ClInclude Include="Engine\Point.h">
      <Filter>Game Engine\Math</Filter>
    </ClInclude>
    <ClInclude Include="Engine\SwapChain.h">
      <Filter>Game Engine\GraphicsEngine\Render System\SwapChain</Filter>
    </ClInclude>
    <ClInclude Include="Engine\Vector3D.h">
      <Filter>Game Engine\Math</Filter>
    </ClInclude>
    <ClInclude Include="Engine\Vector4D.h">
      <Filter>Game Engine\Math</Filter>
    </ClInclude>
    <ClInclude Include="Engine\VertexBuffer.h">
      <Filter>Game Engine\GraphicsEngine\Render System\VertexBuffer</Filter>
    </ClInclude>
    <ClInclude Include="Engine\VertexShader.h">
      <Filter>Game Engine\GraphicsEngine\Render System\VertexShader</Filter>
    </ClInclude>
    <ClInclude Include="Engine\Window.h">
      <Filter>Game Engine\WindowingSystem</Filter>
    </ClInclude>
    <ClInclude Include="Settings.h">
      <Filter>App</Filter>
    </ClInclude>
    <ClInclude Include="Engine\RenderSystem.h">
      <Filter>Game Engine\GraphicsEngine\Render System</Filter>
    </ClInclude>
    <ClInclude Include="Engine\Prerequisites.h">
      <Filter>Game Engine\GraphicsEngine</Filter>
    </ClInclude>
    <ClInclude Include="Engine\Cube.h">
      <Filter>Game\GameObjects\Cube</Filter>
    </ClInclude>
    <ClInclude Include="Engine\AGameObject.h">
      <Filter>Game\GameObjects</Filter>
    </ClInclude>
    <ClInclude Include="Engine\Sphere.h">
      <Filter>Game\GameObjects\Sphere</Filter>
    </ClInclude>
    <ClInclude Include="IMGUI\imconfig.h">
      <Filter>IMGUI</Filter>
    </ClInclude>
    <ClInclude Include="IMGUI\imgui.h">
      <Filter>IMGUI</Filter>
    </ClInclude>
    <ClInclude Include="IMGUI\imgui_internal.h">
      <Filter>IMGUI</Filter>
    </ClInclude>
    <ClInclude Include="IMGUI\imstb_rectpack.h">
      <Filter>IMGUI</Filter>
    </ClInclude>
    <ClInclude Include="IMGUI\imstb_textedit.h">
      <Filter>IMGUI</Filter>
    </ClInclude>
    <ClInclude Include="IMGUI\imstb_truetype.h">
      <Filter>IMGUI</Filter>
    </ClInclude>
    <ClInclude Include="IMGUI\backends\imgui_impl_win32.h">
      <Filter>IMGUI\backends</Filter>
    </ClInclude>
    <ClInclude Include="IMGUI\backends\imgui_impl_dx11.h">
      <Filter>IMGUI\backends</Filter>
    </ClInclude>
    <ClInclude Include="Engine\ResourceManager.h">
      <Filter>Game Engine\GraphicsEngine\ResourceManager</Filter>
    </ClInclude>
    <ClInclude Include="Engine\Resource.h">
      <Filter>Game Engine\GraphicsEngine\ResourceManager</Filter>
    </ClInclude>
    <ClInclude Include="Engine\TextureManager.h">
      <Filter>Game Engine\GraphicsEngine\ResourceManager\TextureManager</Filter>
    </ClInclude>
    <ClInclude Include="Engine\Texture.h">
      <Filter>Game Engine\GraphicsEngine\ResourceManager\TextureManager</Filter>
    </ClInclude>
    <ClInclude Include="Engine\Vector2D.h">
      <Filter>Game Engine\Math</Filter>
    </ClInclude>
    <ClInclude Include="Engine\UIManager.h">
      <Filter>Scene Editor</Filter>
    </ClInclude>
    <ClInclude Include="Engine\AUIScreen.h">
      <Filter>Scene Editor</Filter>
    </ClInclude>
    <ClInclude Include="Engine\Camera.h">
      <Filter>Scene Editor\Scene Camera</Filter>
    </ClInclude>
    <ClInclude Include="Engine\MainMenuScreen.h">
      <Filter>Scene Editor\Screens</Filter>
    </ClInclude>
    <ClInclude Include="Engine\CloseWindowCommand.h" />
    <ClInclude Include="Engine\Command.h" />
    <ClInclude Include="Engine\CommandInvoker.h" />
    <ClInclude Include="Engine\AboutScreen.h">
      <Filter>Scene Editor\Screens</Filter>
    </ClInclude>
    <ClInclude Include="Engine\HierarchyScreen.h">
      <Filter>Scene Editor\Screens</Filter>
    </ClInclude>
    <ClInclude Include="Engine\DeleteObjectCommand.h" />
    <ClInclude Include="Engine\InspectorScreen.h">
      <Filter>Scene Editor\Screens</Filter>
    </ClInclude>
    <ClInclude Include="Engine\SpawnObjectCommand.h">
      <Filter>Scene Editor\Screens</Filter>
    </ClInclude>
    <ClInclude Include="Engine\CameraScreen.h" />
    <ClInclude Include="Engine\CameraHandler.h" />
    <ClInclude Include="Engine\GameCamera.h" />
    <ClInclude Include="Engine\Plane.h">
      <Filter>Game\GameObjects\Sphere</Filter>
    </ClInclude>
  </ItemGroup>
  <ItemGroup>
    <FxCompile Include="Engine\VertexShader.hlsl">
      <Filter>App</Filter>
    </FxCompile>
    <FxCompile Include="Engine\PixelShader.hlsl">
      <Filter>App</Filter>
    </FxCompile>
  </ItemGroup>
</Project>